
Microsoft Visual Studio Solution File, Format Version 12.00
Project("{FAE04EC0-301F-11D3-BF4B-00C04F79EFBC}") = "SecretSanta", "SecretSanta\SecretSanta.csproj", "{3555F320-7B52-43FE-B5C9-E4BA2AE3F511}"
EndProject
Project("{FAE04EC0-301F-11D3-BF4B-00C04F79EFBC}") = "Tests", "Tests\Tests.csproj", "{CD3AEC31-907D-4428-AC56-1CB845CEE7AF}"
EndProject
Global
	GlobalSection(SolutionConfigurationPlatforms) = preSolution
		Debug|Any CPU = Debug|Any CPU
		Release|Any CPU = Release|Any CPU
	EndGlobalSection
	GlobalSection(ProjectConfigurationPlatforms) = postSolution
		{3555F320-7B52-43FE-B5C9-E4BA2AE3F511}.Debug|Any CPU.ActiveCfg = Debug|Any CPU
		{3555F320-7B52-43FE-B5C9-E4BA2AE3F511}.Debug|Any CPU.Build.0 = Debug|Any CPU
		{3555F320-7B52-43FE-B5C9-E4BA2AE3F511}.Release|Any CPU.ActiveCfg = Release|Any CPU
		{3555F320-7B52-43FE-B5C9-E4BA2AE3F511}.Release|Any CPU.Build.0 = Release|Any CPU
		{CD3AEC31-907D-4428-AC56-1CB845CEE7AF}.Debug|Any CPU.ActiveCfg = Debug|Any CPU
		{CD3AEC31-907D-4428-AC56-1CB845CEE7AF}.Debug|Any CPU.Build.0 = Debug|Any CPU
		{CD3AEC31-907D-4428-AC56-1CB845CEE7AF}.Release|Any CPU.ActiveCfg = Release|Any CPU
		{CD3AEC31-907D-4428-AC56-1CB845CEE7AF}.Release|Any CPU.Build.0 = Release|Any CPU
	EndGlobalSection
EndGlobal
